
Microsoft Visual Studio Solution File, Format Version 12.00
# Visual Studio Version 17
VisualStudioVersion = 17.0.31903.59
MinimumVisualStudioVersion = 10.0.40219.1
Project("{FAE04EC0-301F-11D3-BF4B-00C04F79EFBC}") = "OtzvukAPI", "otzvukAPI\OtzvukAPI.csproj", "{2F7F74CD-94DE-41D3-BA16-D17B5B11BCF1}"
EndProject
Project("{FAE04EC0-301F-11D3-BF4B-00C04F79EFBC}") = "DataAccess", "DataAccess\DataAccess.csproj", "{CAA21C96-DD62-4495-BBF3-5B177741431D}"
EndProject
Global
	GlobalSection(SolutionConfigurationPlatforms) = preSolution
		Debug|Any CPU = Debug|Any CPU
		Release|Any CPU = Release|Any CPU
	EndGlobalSection
	GlobalSection(ProjectConfigurationPlatforms) = postSolution
		{2F7F74CD-94DE-41D3-BA16-D17B5B11BCF1}.Debug|Any CPU.ActiveCfg = Debug|Any CPU
		{2F7F74CD-94DE-41D3-BA16-D17B5B11BCF1}.Debug|Any CPU.Build.0 = Debug|Any CPU
		{2F7F74CD-94DE-41D3-BA16-D17B5B11BCF1}.Release|Any CPU.ActiveCfg = Release|Any CPU
		{2F7F74CD-94DE-41D3-BA16-D17B5B11BCF1}.Release|Any CPU.Build.0 = Release|Any CPU
		{CAA21C96-DD62-4495-BBF3-5B177741431D}.Debug|Any CPU.ActiveCfg = Debug|Any CPU
		{CAA21C96-DD62-4495-BBF3-5B177741431D}.Debug|Any CPU.Build.0 = Debug|Any CPU
		{CAA21C96-DD62-4495-BBF3-5B177741431D}.Release|Any CPU.ActiveCfg = Release|Any CPU
		{CAA21C96-DD62-4495-BBF3-5B177741431D}.Release|Any CPU.Build.0 = Release|Any CPU
	EndGlobalSection
	GlobalSection(SolutionProperties) = preSolution
		HideSolutionNode = FALSE
	EndGlobalSection
	GlobalSection(ExtensibilityGlobals) = postSolution
		SolutionGuid = {85FC8AE1-1583-4CF8-96AD-86F1E29899DE}
	EndGlobalSection
EndGlobal
